// !$*UTF8*$!
{
	archiveVersion = 1;
	classes = {
	};
	objectVersion = 50;
	objects = {

/* Begin PBXBuildFile section */
		0750B4A44C0473FE00CEFD8D /* Pods_MM2.framework in Frameworks */ = {isa = PBXBuildFile; fileRef = 9887E2223F815A43C46CA5DB /* Pods_MM2.framework */; };
		C115E2EE224BDE670081F6F0 /* TableViewDetailsViewController.swift in Sources */ = {isa = PBXBuildFile; fileRef = C115E2ED224BDE670081F6F0 /* TableViewDetailsViewController.swift */; };
		C115E2F0224BDEF30081F6F0 /* CryptoViewController.swift in Sources */ = {isa = PBXBuildFile; fileRef = C115E2EF224BDEF30081F6F0 /* CryptoViewController.swift */; };
		C115E2F2224BF7C50081F6F0 /* MakersTableViewController.swift in Sources */ = {isa = PBXBuildFile; fileRef = C115E2F1224BF7C50081F6F0 /* MakersTableViewController.swift */; };
		C11F0CAF2268FD7200C9638B /* IPO.swift in Sources */ = {isa = PBXBuildFile; fileRef = C11F0CAE2268FD7200C9638B /* IPO.swift */; };
		C12437FA225E213200E38409 /* WatchListViewController.swift in Sources */ = {isa = PBXBuildFile; fileRef = C12437F9225E213200E38409 /* WatchListViewController.swift */; };
		C1282F4E224D17AC0025C15C /* Stock.swift in Sources */ = {isa = PBXBuildFile; fileRef = C1282F4D224D17AC0025C15C /* Stock.swift */; };
		C1282F50224D34C20025C15C /* Chart.swift in Sources */ = {isa = PBXBuildFile; fileRef = C1282F4F224D34C20025C15C /* Chart.swift */; };
		C14146B0223A871900AEB632 /* AppDelegate.swift in Sources */ = {isa = PBXBuildFile; fileRef = C14146AF223A871900AEB632 /* AppDelegate.swift */; };
		C14146B5223A871900AEB632 /* Main.storyboard in Resources */ = {isa = PBXBuildFile; fileRef = C14146B3223A871900AEB632 /* Main.storyboard */; };
		C14146B7223A871B00AEB632 /* Assets.xcassets in Resources */ = {isa = PBXBuildFile; fileRef = C14146B6223A871B00AEB632 /* Assets.xcassets */; };
		C14146BA223A871B00AEB632 /* LaunchScreen.storyboard in Resources */ = {isa = PBXBuildFile; fileRef = C14146B8223A871B00AEB632 /* LaunchScreen.storyboard */; };
		C14146C5223A877A00AEB632 /* symbols.realm in Resources */ = {isa = PBXBuildFile; fileRef = C14146C4223A877A00AEB632 /* symbols.realm */; };
		C14146C8223A87D100AEB632 /* Symbols.swift in Sources */ = {isa = PBXBuildFile; fileRef = C14146C7223A87D100AEB632 /* Symbols.swift */; };
		C14146CA223A896C00AEB632 /* MarketViewController.swift in Sources */ = {isa = PBXBuildFile; fileRef = C14146C9223A896C00AEB632 /* MarketViewController.swift */; };
		C14146CC223A898E00AEB632 /* DetailSearchViewController.swift in Sources */ = {isa = PBXBuildFile; fileRef = C14146CB223A898E00AEB632 /* DetailSearchViewController.swift */; };
		C14146CE223A899D00AEB632 /* QuickSearchViewController.swift in Sources */ = {isa = PBXBuildFile; fileRef = C14146CD223A899D00AEB632 /* QuickSearchViewController.swift */; };
		C14146D0223AC73000AEB632 /* Markets.swift in Sources */ = {isa = PBXBuildFile; fileRef = C14146CF223AC73000AEB632 /* Markets.swift */; };
		C16240B5225239FC008F9532 /* News.swift in Sources */ = {isa = PBXBuildFile; fileRef = C16240B4225239FC008F9532 /* News.swift */; };
		C16240B722523AA9008F9532 /* Earnings.swift in Sources */ = {isa = PBXBuildFile; fileRef = C16240B622523AA9008F9532 /* Earnings.swift */; };
		C16240B922523AC0008F9532 /* Financials.swift in Sources */ = {isa = PBXBuildFile; fileRef = C16240B822523AC0008F9532 /* Financials.swift */; };
		C165B62722664D3E001FF965 /* DeepDiveViewController.swift in Sources */ = {isa = PBXBuildFile; fileRef = C165B62622664D3E001FF965 /* DeepDiveViewController.swift */; };
		C1D03CD22257C8F5005A0501 /* NewsCollectionViewCell.swift in Sources */ = {isa = PBXBuildFile; fileRef = C1D03CD02257C8F5005A0501 /* NewsCollectionViewCell.swift */; };
		C1D03CD32257C8F5005A0501 /* NewsCollectionViewCell.xib in Resources */ = {isa = PBXBuildFile; fileRef = C1D03CD12257C8F5005A0501 /* NewsCollectionViewCell.xib */; };
		C1E44DF52267A9BE0040D4EE /* DisclaimersViewController.swift in Sources */ = {isa = PBXBuildFile; fileRef = C1E44DF42267A9BE0040D4EE /* DisclaimersViewController.swift */; };
		C1FCF994226A504B00281B3C /* Ticker.swift in Sources */ = {isa = PBXBuildFile; fileRef = C1FCF993226A504B00281B3C /* Ticker.swift */; };
/* End PBXBuildFile section */

/* Begin PBXFileReference section */
		9887E2223F815A43C46CA5DB /* Pods_MM2.framework */ = {isa = PBXFileReference; explicitFileType = wrapper.framework; includeInIndex = 0; path = Pods_MM2.framework; sourceTree = BUILT_PRODUCTS_DIR; };
		C115E2ED224BDE670081F6F0 /* TableViewDetailsViewController.swift */ = {isa = PBXFileReference; lastKnownFileType = sourcecode.swift; path = TableViewDetailsViewController.swift; sourceTree = "<group>"; };
		C115E2EF224BDEF30081F6F0 /* CryptoViewController.swift */ = {isa = PBXFileReference; lastKnownFileType = sourcecode.swift; path = CryptoViewController.swift; sourceTree = "<group>"; };
		C115E2F1224BF7C50081F6F0 /* MakersTableViewController.swift */ = {isa = PBXFileReference; lastKnownFileType = sourcecode.swift; path = MakersTableViewController.swift; sourceTree = "<group>"; };
		C11F0CAE2268FD7200C9638B /* IPO.swift */ = {isa = PBXFileReference; lastKnownFileType = sourcecode.swift; path = IPO.swift; sourceTree = "<group>"; };
		C12437F9225E213200E38409 /* WatchListViewController.swift */ = {isa = PBXFileReference; lastKnownFileType = sourcecode.swift; path = WatchListViewController.swift; sourceTree = "<group>"; };
		C1282F4D224D17AC0025C15C /* Stock.swift */ = {isa = PBXFileReference; lastKnownFileType = sourcecode.swift; path = Stock.swift; sourceTree = "<group>"; };
		C1282F4F224D34C20025C15C /* Chart.swift */ = {isa = PBXFileReference; lastKnownFileType = sourcecode.swift; path = Chart.swift; sourceTree = "<group>"; };
		C14146AC223A871900AEB632 /* MM2.app */ = {isa = PBXFileReference; explicitFileType = wrapper.application; includeInIndex = 0; path = MM2.app; sourceTree = BUILT_PRODUCTS_DIR; };
		C14146AF223A871900AEB632 /* AppDelegate.swift */ = {isa = PBXFileReference; lastKnownFileType = sourcecode.swift; path = AppDelegate.swift; sourceTree = "<group>"; };
		C14146B4223A871900AEB632 /* Base */ = {isa = PBXFileReference; lastKnownFileType = file.storyboard; name = Base; path = Base.lproj/Main.storyboard; sourceTree = "<group>"; };
		C14146B6223A871B00AEB632 /* Assets.xcassets */ = {isa = PBXFileReference; lastKnownFileType = folder.assetcatalog; path = Assets.xcassets; sourceTree = "<group>"; };
		C14146B9223A871B00AEB632 /* Base */ = {isa = PBXFileReference; lastKnownFileType = file.storyboard; name = Base; path = Base.lproj/LaunchScreen.storyboard; sourceTree = "<group>"; };
		C14146BB223A871B00AEB632 /* Info.plist */ = {isa = PBXFileReference; lastKnownFileType = text.plist.xml; path = Info.plist; sourceTree = "<group>"; };
		C14146C4223A877A00AEB632 /* symbols.realm */ = {isa = PBXFileReference; lastKnownFileType = file; path = symbols.realm; sourceTree = "<group>"; };
		C14146C7223A87D100AEB632 /* Symbols.swift */ = {isa = PBXFileReference; lastKnownFileType = sourcecode.swift; path = Symbols.swift; sourceTree = "<group>"; };
		C14146C9223A896C00AEB632 /* MarketViewController.swift */ = {isa = PBXFileReference; lastKnownFileType = sourcecode.swift; path = MarketViewController.swift; sourceTree = "<group>"; };
		C14146CB223A898E00AEB632 /* DetailSearchViewController.swift */ = {isa = PBXFileReference; lastKnownFileType = sourcecode.swift; path = DetailSearchViewController.swift; sourceTree = "<group>"; };
		C14146CD223A899D00AEB632 /* QuickSearchViewController.swift */ = {isa = PBXFileReference; lastKnownFileType = sourcecode.swift; path = QuickSearchViewController.swift; sourceTree = "<group>"; };
		C14146CF223AC73000AEB632 /* Markets.swift */ = {isa = PBXFileReference; lastKnownFileType = sourcecode.swift; path = Markets.swift; sourceTree = "<group>"; };
		C16240B4225239FC008F9532 /* News.swift */ = {isa = PBXFileReference; lastKnownFileType = sourcecode.swift; path = News.swift; sourceTree = "<group>"; };
		C16240B622523AA9008F9532 /* Earnings.swift */ = {isa = PBXFileReference; lastKnownFileType = sourcecode.swift; path = Earnings.swift; sourceTree = "<group>"; };
		C16240B822523AC0008F9532 /* Financials.swift */ = {isa = PBXFileReference; lastKnownFileType = sourcecode.swift; path = Financials.swift; sourceTree = "<group>"; };
		C165B62622664D3E001FF965 /* DeepDiveViewController.swift */ = {isa = PBXFileReference; lastKnownFileType = sourcecode.swift; path = DeepDiveViewController.swift; sourceTree = "<group>"; };
		C1D03CD02257C8F5005A0501 /* NewsCollectionViewCell.swift */ = {isa = PBXFileReference; lastKnownFileType = sourcecode.swift; path = NewsCollectionViewCell.swift; sourceTree = "<group>"; };
		C1D03CD12257C8F5005A0501 /* NewsCollectionViewCell.xib */ = {isa = PBXFileReference; lastKnownFileType = file.xib; path = NewsCollectionViewCell.xib; sourceTree = "<group>"; };
		C1E44DF42267A9BE0040D4EE /* DisclaimersViewController.swift */ = {isa = PBXFileReference; lastKnownFileType = sourcecode.swift; path = DisclaimersViewController.swift; sourceTree = "<group>"; };
		C1FCF993226A504B00281B3C /* Ticker.swift */ = {isa = PBXFileReference; lastKnownFileType = sourcecode.swift; path = Ticker.swift; sourceTree = "<group>"; };
		E376213F54B6ACC45AAE29BD /* Pods-MM2.release.xcconfig */ = {isa = PBXFileReference; includeInIndex = 1; lastKnownFileType = text.xcconfig; name = "Pods-MM2.release.xcconfig"; path = "Pods/Target Support Files/Pods-MM2/Pods-MM2.release.xcconfig"; sourceTree = "<group>"; };
		F9AE6AB9BCFCD9BFC85809E4 /* Pods-MM2.debug.xcconfig */ = {isa = PBXFileReference; includeInIndex = 1; lastKnownFileType = text.xcconfig; name = "Pods-MM2.debug.xcconfig"; path = "Pods/Target Support Files/Pods-MM2/Pods-MM2.debug.xcconfig"; sourceTree = "<group>"; };
/* End PBXFileReference section */

/* Begin PBXFrameworksBuildPhase section */
		C14146A9223A871900AEB632 /* Frameworks */ = {
			isa = PBXFrameworksBuildPhase;
			buildActionMask = 2147483647;
			files = (
				0750B4A44C0473FE00CEFD8D /* Pods_MM2.framework in Frameworks */,
			);
			runOnlyForDeploymentPostprocessing = 0;
		};
/* End PBXFrameworksBuildPhase section */

/* Begin PBXGroup section */
		B5DA9FE0B0CD10584B7396BB /* Frameworks */ = {
			isa = PBXGroup;
			children = (
				9887E2223F815A43C46CA5DB /* Pods_MM2.framework */,
			);
			name = Frameworks;
			sourceTree = "<group>";
		};
		C14146A3223A871900AEB632 = {
			isa = PBXGroup;
			children = (
				C14146AE223A871900AEB632 /* MM2 */,
				C14146AD223A871900AEB632 /* Products */,
				F0AFCD8EB785CB6F119D5BC5 /* Pods */,
				B5DA9FE0B0CD10584B7396BB /* Frameworks */,
			);
			sourceTree = "<group>";
		};
		C14146AD223A871900AEB632 /* Products */ = {
			isa = PBXGroup;
			children = (
				C14146AC223A871900AEB632 /* MM2.app */,
			);
			name = Products;
			sourceTree = "<group>";
		};
		C14146AE223A871900AEB632 /* MM2 */ = {
			isa = PBXGroup;
			children = (
				C14146C6223A879B00AEB632 /* model */,
				C14146C3223A873900AEB632 /* support Files */,
				C14146C2223A873300AEB632 /* views */,
				C14146C1223A872B00AEB632 /* controllers */,
				C14146B6223A871B00AEB632 /* Assets.xcassets */,
				C14146BB223A871B00AEB632 /* Info.plist */,
			);
			path = MM2;
			sourceTree = "<group>";
		};
		C14146C1223A872B00AEB632 /* controllers */ = {
			isa = PBXGroup;
			children = (
				C1E44DF42267A9BE0040D4EE /* DisclaimersViewController.swift */,
				C12437F9225E213200E38409 /* WatchListViewController.swift */,
				C165B62622664D3E001FF965 /* DeepDiveViewController.swift */,
				C1D03CD02257C8F5005A0501 /* NewsCollectionViewCell.swift */,
				C115E2EF224BDEF30081F6F0 /* CryptoViewController.swift */,
				C115E2ED224BDE670081F6F0 /* TableViewDetailsViewController.swift */,
				C14146C9223A896C00AEB632 /* MarketViewController.swift */,
				C14146CB223A898E00AEB632 /* DetailSearchViewController.swift */,
				C14146CD223A899D00AEB632 /* QuickSearchViewController.swift */,
				C115E2F1224BF7C50081F6F0 /* MakersTableViewController.swift */,
			);
			path = controllers;
			sourceTree = "<group>";
		};
		C14146C2223A873300AEB632 /* views */ = {
			isa = PBXGroup;
			children = (
				C14146B3223A871900AEB632 /* Main.storyboard */,
				C14146B8223A871B00AEB632 /* LaunchScreen.storyboard */,
				C1D03CD12257C8F5005A0501 /* NewsCollectionViewCell.xib */,
			);
			path = views;
			sourceTree = "<group>";
		};
		C14146C3223A873900AEB632 /* support Files */ = {
			isa = PBXGroup;
			children = (
				C14146C4223A877A00AEB632 /* symbols.realm */,
				C14146AF223A871900AEB632 /* AppDelegate.swift */,
			);
			path = "support Files";
			sourceTree = "<group>";
		};
		C14146C6223A879B00AEB632 /* model */ = {
			isa = PBXGroup;
			children = (
				C1282F4D224D17AC0025C15C /* Stock.swift */,
				C14146C7223A87D100AEB632 /* Symbols.swift */,
				C14146CF223AC73000AEB632 /* Markets.swift */,
				C1282F4F224D34C20025C15C /* Chart.swift */,
				C16240B4225239FC008F9532 /* News.swift */,
				C16240B622523AA9008F9532 /* Earnings.swift */,
				C16240B822523AC0008F9532 /* Financials.swift */,
				C11F0CAE2268FD7200C9638B /* IPO.swift */,
				C1FCF993226A504B00281B3C /* Ticker.swift */,
			);
			path = model;
			sourceTree = "<group>";
		};
		F0AFCD8EB785CB6F119D5BC5 /* Pods */ = {
			isa = PBXGroup;
			children = (
				F9AE6AB9BCFCD9BFC85809E4 /* Pods-MM2.debug.xcconfig */,
				E376213F54B6ACC45AAE29BD /* Pods-MM2.release.xcconfig */,
			);
			name = Pods;
			sourceTree = "<group>";
		};
/* End PBXGroup section */

/* Begin PBXNativeTarget section */
		C14146AB223A871900AEB632 /* MM2 */ = {
			isa = PBXNativeTarget;
			buildConfigurationList = C14146BE223A871B00AEB632 /* Build configuration list for PBXNativeTarget "MM2" */;
			buildPhases = (
				2D3D5C312F6AC502183AF9C5 /* [CP] Check Pods Manifest.lock */,
				C14146A8223A871900AEB632 /* Sources */,
				C14146A9223A871900AEB632 /* Frameworks */,
				C14146AA223A871900AEB632 /* Resources */,
				E6357E994B9AA932A69A295B /* [CP] Embed Pods Frameworks */,
			);
			buildRules = (
			);
			dependencies = (
			);
			name = MM2;
			productName = MM2;
			productReference = C14146AC223A871900AEB632 /* MM2.app */;
			productType = "com.apple.product-type.application";
		};
/* End PBXNativeTarget section */

/* Begin PBXProject section */
		C14146A4223A871900AEB632 /* Project object */ = {
			isa = PBXProject;
			attributes = {
				LastSwiftUpdateCheck = 1010;
				LastUpgradeCheck = 1010;
				ORGANIZATIONNAME = user147645;
				TargetAttributes = {
					C14146AB223A871900AEB632 = {
						CreatedOnToolsVersion = 10.1;
					};
				};
			};
			buildConfigurationList = C14146A7223A871900AEB632 /* Build configuration list for PBXProject "MM2" */;
			compatibilityVersion = "Xcode 9.3";
			developmentRegion = en;
			hasScannedForEncodings = 0;
			knownRegions = (
				en,
				Base,
			);
			mainGroup = C14146A3223A871900AEB632;
			productRefGroup = C14146AD223A871900AEB632 /* Products */;
			projectDirPath = "";
			projectRoot = "";
			targets = (
				C14146AB223A871900AEB632 /* MM2 */,
			);
		};
/* End PBXProject section */

/* Begin PBXResourcesBuildPhase section */
		C14146AA223A871900AEB632 /* Resources */ = {
			isa = PBXResourcesBuildPhase;
			buildActionMask = 2147483647;
			files = (
				C14146BA223A871B00AEB632 /* LaunchScreen.storyboard in Resources */,
				C14146C5223A877A00AEB632 /* symbols.realm in Resources */,
				C14146B7223A871B00AEB632 /* Assets.xcassets in Resources */,
				C1D03CD32257C8F5005A0501 /* NewsCollectionViewCell.xib in Resources */,
				C14146B5223A871900AEB632 /* Main.storyboard in Resources */,
			);
			runOnlyForDeploymentPostprocessing = 0;
		};
/* End PBXResourcesBuildPhase section */

/* Begin PBXShellScriptBuildPhase section */
		2D3D5C312F6AC502183AF9C5 /* [CP] Check Pods Manifest.lock */ = {
			isa = PBXShellScriptBuildPhase;
			buildActionMask = 2147483647;
			files = (
			);
			inputFileListPaths = (
			);
			inputPaths = (
				"${PODS_PODFILE_DIR_PATH}/Podfile.lock",
				"${PODS_ROOT}/Manifest.lock",
			);
			name = "[CP] Check Pods Manifest.lock";
			outputFileListPaths = (
			);
			outputPaths = (
				"$(DERIVED_FILE_DIR)/Pods-MM2-checkManifestLockResult.txt",
			);
			runOnlyForDeploymentPostprocessing = 0;
			shellPath = /bin/sh;
			shellScript = "diff \"${PODS_PODFILE_DIR_PATH}/Podfile.lock\" \"${PODS_ROOT}/Manifest.lock\" > /dev/null\nif [ $? != 0 ] ; then\n    # print error to STDERR\n    echo \"error: The sandbox is not in sync with the Podfile.lock. Run 'pod install' or update your CocoaPods installation.\" >&2\n    exit 1\nfi\n# This output is used by Xcode 'outputs' to avoid re-running this script phase.\necho \"SUCCESS\" > \"${SCRIPT_OUTPUT_FILE_0}\"\n";
			showEnvVarsInLog = 0;
		};
		E6357E994B9AA932A69A295B /* [CP] Embed Pods Frameworks */ = {
			isa = PBXShellScriptBuildPhase;
			buildActionMask = 2147483647;
			files = (
			);
			inputFileListPaths = (
			);
			inputPaths = (
				"${SRCROOT}/Pods/Target Support Files/Pods-MM2/Pods-MM2-frameworks.sh",
				"${BUILT_PRODUCTS_DIR}/Alamofire/Alamofire.framework",
				"${BUILT_PRODUCTS_DIR}/AlamofireImage/AlamofireImage.framework",
				"${BUILT_PRODUCTS_DIR}/Charts/Charts.framework",
				"${BUILT_PRODUCTS_DIR}/GoogleUtilities/GoogleUtilities.framework",
				"${BUILT_PRODUCTS_DIR}/Realm/Realm.framework",
				"${BUILT_PRODUCTS_DIR}/RealmSwift/RealmSwift.framework",
				"${BUILT_PRODUCTS_DIR}/SwiftyJSON/SwiftyJSON.framework",
				"${BUILT_PRODUCTS_DIR}/nanopb/nanopb.framework",
			);
			name = "[CP] Embed Pods Frameworks";
			outputFileListPaths = (
			);
			outputPaths = (
				"${TARGET_BUILD_DIR}/${FRAMEWORKS_FOLDER_PATH}/Alamofire.framework",
				"${TARGET_BUILD_DIR}/${FRAMEWORKS_FOLDER_PATH}/AlamofireImage.framework",
				"${TARGET_BUILD_DIR}/${FRAMEWORKS_FOLDER_PATH}/Charts.framework",
				"${TARGET_BUILD_DIR}/${FRAMEWORKS_FOLDER_PATH}/GoogleUtilities.framework",
				"${TARGET_BUILD_DIR}/${FRAMEWORKS_FOLDER_PATH}/Realm.framework",
				"${TARGET_BUILD_DIR}/${FRAMEWORKS_FOLDER_PATH}/RealmSwift.framework",
				"${TARGET_BUILD_DIR}/${FRAMEWORKS_FOLDER_PATH}/SwiftyJSON.framework",
				"${TARGET_BUILD_DIR}/${FRAMEWORKS_FOLDER_PATH}/nanopb.framework",
			);
			runOnlyForDeploymentPostprocessing = 0;
			shellPath = /bin/sh;
			shellScript = "\"${SRCROOT}/Pods/Target Support Files/Pods-MM2/Pods-MM2-frameworks.sh\"\n";
			showEnvVarsInLog = 0;
		};
/* End PBXShellScriptBuildPhase section */

/* Begin PBXSourcesBuildPhase section */
		C14146A8223A871900AEB632 /* Sources */ = {
			isa = PBXSourcesBuildPhase;
			buildActionMask = 2147483647;
			files = (
				C11F0CAF2268FD7200C9638B /* IPO.swift in Sources */,
				C14146CE223A899D00AEB632 /* QuickSearchViewController.swift in Sources */,
				C115E2EE224BDE670081F6F0 /* TableViewDetailsViewController.swift in Sources */,
				C14146D0223AC73000AEB632 /* Markets.swift in Sources */,
				C1282F50224D34C20025C15C /* Chart.swift in Sources */,
				C1D03CD22257C8F5005A0501 /* NewsCollectionViewCell.swift in Sources */,
				C14146C8223A87D100AEB632 /* Symbols.swift in Sources */,
				C16240B922523AC0008F9532 /* Financials.swift in Sources */,
				C14146CA223A896C00AEB632 /* MarketViewController.swift in Sources */,
				C16240B722523AA9008F9532 /* Earnings.swift in Sources */,
				C16240B5225239FC008F9532 /* News.swift in Sources */,
				C12437FA225E213200E38409 /* WatchListViewController.swift in Sources */,
				C165B62722664D3E001FF965 /* DeepDiveViewController.swift in Sources */,
				C115E2F0224BDEF30081F6F0 /* CryptoViewController.swift in Sources */,
				C14146CC223A898E00AEB632 /* DetailSearchViewController.swift in Sources */,
				C14146B0223A871900AEB632 /* AppDelegate.swift in Sources */,
				C1E44DF52267A9BE0040D4EE /* DisclaimersViewController.swift in Sources */,
				C1FCF994226A504B00281B3C /* Ticker.swift in Sources */,
				C1282F4E224D17AC0025C15C /* Stock.swift in Sources */,
				C115E2F2224BF7C50081F6F0 /* MakersTableViewController.swift in Sources */,
			);
			runOnlyForDeploymentPostprocessing = 0;
		};
/* End PBXSourcesBuildPhase section */

/* Begin PBXVariantGroup section */
		C14146B3223A871900AEB632 /* Main.storyboard */ = {
			isa = PBXVariantGroup;
			children = (
				C14146B4223A871900AEB632 /* Base */,
			);
			name = Main.storyboard;
			sourceTree = "<group>";
		};
		C14146B8223A871B00AEB632 /* LaunchScreen.storyboard */ = {
			isa = PBXVariantGroup;
			children = (
				C14146B9223A871B00AEB632 /* Base */,
			);
			name = LaunchScreen.storyboard;
			sourceTree = "<group>";
		};
/* End PBXVariantGroup section */

/* Begin XCBuildConfiguration section */
		C14146BC223A871B00AEB632 /* Debug */ = {
			isa = XCBuildConfiguration;
			buildSettings = {
				ALWAYS_SEARCH_USER_PATHS = NO;
				CLANG_ANALYZER_NONNULL = YES;
				CLANG_ANALYZER_NUMBER_OBJECT_CONVERSION = YES_AGGRESSIVE;
				CLANG_CXX_LANGUAGE_STANDARD = "gnu++14";
				CLANG_CXX_LIBRARY = "libc++";
				CLANG_ENABLE_MODULES = YES;
				CLANG_ENABLE_OBJC_ARC = YES;
				CLANG_ENABLE_OBJC_WEAK = YES;
				CLANG_WARN_BLOCK_CAPTURE_AUTORELEASING = YES;
				CLANG_WARN_BOOL_CONVERSION = YES;
				CLANG_WARN_COMMA = YES;
				CLANG_WARN_CONSTANT_CONVERSION = YES;
				CLANG_WARN_DEPRECATED_OBJC_IMPLEMENTATIONS = YES;
				CLANG_WARN_DIRECT_OBJC_ISA_USAGE = YES_ERROR;
				CLANG_WARN_DOCUMENTATION_COMMENTS = YES;
				CLANG_WARN_EMPTY_BODY = YES;
				CLANG_WARN_ENUM_CONVERSION = YES;
				CLANG_WARN_INFINITE_RECURSION = YES;
				CLANG_WARN_INT_CONVERSION = YES;
				CLANG_WARN_NON_LITERAL_NULL_CONVERSION = YES;
				CLANG_WARN_OBJC_IMPLICIT_RETAIN_SELF = YES;
				CLANG_WARN_OBJC_LITERAL_CONVERSION = YES;
				CLANG_WARN_OBJC_ROOT_CLASS = YES_ERROR;
				CLANG_WARN_RANGE_LOOP_ANALYSIS = YES;
				CLANG_WARN_STRICT_PROTOTYPES = YES;
				CLANG_WARN_SUSPICIOUS_MOVE = YES;
				CLANG_WARN_UNGUARDED_AVAILABILITY = YES_AGGRESSIVE;
				CLANG_WARN_UNREACHABLE_CODE = YES;
				CLANG_WARN__DUPLICATE_METHOD_MATCH = YES;
				CODE_SIGN_IDENTITY = "iPhone Developer";
				COPY_PHASE_STRIP = NO;
				DEBUG_INFORMATION_FORMAT = dwarf;
				ENABLE_STRICT_OBJC_MSGSEND = YES;
				ENABLE_TESTABILITY = YES;
				GCC_C_LANGUAGE_STANDARD = gnu11;
				GCC_DYNAMIC_NO_PIC = NO;
				GCC_NO_COMMON_BLOCKS = YES;
				GCC_OPTIMIZATION_LEVEL = 0;
				GCC_PREPROCESSOR_DEFINITIONS = (
					"DEBUG=1",
					"$(inherited)",
				);
				GCC_WARN_64_TO_32_BIT_CONVERSION = YES;
				GCC_WARN_ABOUT_RETURN_TYPE = YES_ERROR;
				GCC_WARN_UNDECLARED_SELECTOR = YES;
				GCC_WARN_UNINITIALIZED_AUTOS = YES_AGGRESSIVE;
				GCC_WARN_UNUSED_FUNCTION = YES;
				GCC_WARN_UNUSED_VARIABLE = YES;
				IPHONEOS_DEPLOYMENT_TARGET = 12.1;
				MTL_ENABLE_DEBUG_INFO = INCLUDE_SOURCE;
				MTL_FAST_MATH = YES;
				ONLY_ACTIVE_ARCH = YES;
				SDKROOT = iphoneos;
				SWIFT_ACTIVE_COMPILATION_CONDITIONS = DEBUG;
				SWIFT_OPTIMIZATION_LEVEL = "-Onone";
			};
			name = Debug;
		};
		C14146BD223A871B00AEB632 /* Release */ = {
			isa = XCBuildConfiguration;
			buildSettings = {
				ALWAYS_SEARCH_USER_PATHS = NO;
				CLANG_ANALYZER_NONNULL = YES;
				CLANG_ANALYZER_NUMBER_OBJECT_CONVERSION = YES_AGGRESSIVE;
				CLANG_CXX_LANGUAGE_STANDARD = "gnu++14";
				CLANG_CXX_LIBRARY = "libc++";
				CLANG_ENABLE_MODULES = YES;
				CLANG_ENABLE_OBJC_ARC = YES;
				CLANG_ENABLE_OBJC_WEAK = YES;
				CLANG_WARN_BLOCK_CAPTURE_AUTORELEASING = YES;
				CLANG_WARN_BOOL_CONVERSION = YES;
				CLANG_WARN_COMMA = YES;
				CLANG_WARN_CONSTANT_CONVERSION = YES;
				CLANG_WARN_DEPRECATED_OBJC_IMPLEMENTATIONS = YES;
				CLANG_WARN_DIRECT_OBJC_ISA_USAGE = YES_ERROR;
				CLANG_WARN_DOCUMENTATION_COMMENTS = YES;
				CLANG_WARN_EMPTY_BODY = YES;
				CLANG_WARN_ENUM_CONVERSION = YES;
				CLANG_WARN_INFINITE_RECURSION = YES;
				CLANG_WARN_INT_CONVERSION = YES;
				CLANG_WARN_NON_LITERAL_NULL_CONVERSION = YES;
				CLANG_WARN_OBJC_IMPLICIT_RETAIN_SELF = YES;
				CLANG_WARN_OBJC_LITERAL_CONVERSION = YES;
				CLANG_WARN_OBJC_ROOT_CLASS = YES_ERROR;
				CLANG_WARN_RANGE_LOOP_ANALYSIS = YES;
				CLANG_WARN_STRICT_PROTOTYPES = YES;
				CLANG_WARN_SUSPICIOUS_MOVE = YES;
				CLANG_WARN_UNGUARDED_AVAILABILITY = YES_AGGRESSIVE;
				CLANG_WARN_UNREACHABLE_CODE = YES;
				CLANG_WARN__DUPLICATE_METHOD_MATCH = YES;
				CODE_SIGN_IDENTITY = "iPhone Developer";
				COPY_PHASE_STRIP = NO;
				DEBUG_INFORMATION_FORMAT = "dwarf-with-dsym";
				ENABLE_NS_ASSERTIONS = NO;
				ENABLE_STRICT_OBJC_MSGSEND = YES;
				GCC_C_LANGUAGE_STANDARD = gnu11;
				GCC_NO_COMMON_BLOCKS = YES;
				GCC_WARN_64_TO_32_BIT_CONVERSION = YES;
				GCC_WARN_ABOUT_RETURN_TYPE = YES_ERROR;
				GCC_WARN_UNDECLARED_SELECTOR = YES;
				GCC_WARN_UNINITIALIZED_AUTOS = YES_AGGRESSIVE;
				GCC_WARN_UNUSED_FUNCTION = YES;
				GCC_WARN_UNUSED_VARIABLE = YES;
				IPHONEOS_DEPLOYMENT_TARGET = 12.1;
				MTL_ENABLE_DEBUG_INFO = NO;
				MTL_FAST_MATH = YES;
				SDKROOT = iphoneos;
				SWIFT_COMPILATION_MODE = wholemodule;
				SWIFT_OPTIMIZATION_LEVEL = "-O";
				VALIDATE_PRODUCT = YES;
			};
			name = Release;
		};
		C14146BF223A871B00AEB632 /* Debug */ = {
			isa = XCBuildConfiguration;
			baseConfigurationReference = F9AE6AB9BCFCD9BFC85809E4 /* Pods-MM2.debug.xcconfig */;
			buildSettings = {
				ASSETCATALOG_COMPILER_APPICON_NAME = AppIcon;
				CODE_SIGN_STYLE = Automatic;
				DEVELOPMENT_TEAM = 6G2AM6B3VP;
				INFOPLIST_FILE = MM2/Info.plist;
				LD_RUNPATH_SEARCH_PATHS = (
					"$(inherited)",
					"@executable_path/Frameworks",
				);
				PRODUCT_BUNDLE_IDENTIFIER = alleyneVentures.com.MM2;
				PRODUCT_NAME = "$(TARGET_NAME)";
				SWIFT_VERSION = 4.2;
				TARGETED_DEVICE_FAMILY = "1,2";
			};
			name = Debug;
		};
		C14146C0223A871B00AEB632 /* Release */ = {
			isa = XCBuildConfiguration;
			baseConfigurationReference = E376213F54B6ACC45AAE29BD /* Pods-MM2.release.xcconfig */;
			buildSettings = {
				ASSETCATALOG_COMPILER_APPICON_NAME = AppIcon;
				CODE_SIGN_STYLE = Automatic;
				DEVELOPMENT_TEAM = 6G2AM6B3VP;
				INFOPLIST_FILE = MM2/Info.plist;
				LD_RUNPATH_SEARCH_PATHS = (
					"$(inherited)",
					"@executable_path/Frameworks",
				);
				PRODUCT_BUNDLE_IDENTIFIER = alleyneVentures.com.MM2;
				PRODUCT_NAME = "$(TARGET_NAME)";
				SWIFT_VERSION = 4.2;
				TARGETED_DEVICE_FAMILY = "1,2";
			};
			name = Release;
		};
/* End XCBuildConfiguration section */

/* Begin XCConfigurationList section */
		C14146A7223A871900AEB632 /* Build configuration list for PBXProject "MM2" */ = {
			isa = XCConfigurationList;
			buildConfigurations = (
				C14146BC223A871B00AEB632 /* Debug */,
				C14146BD223A871B00AEB632 /* Release */,
			);
			defaultConfigurationIsVisible = 0;
			defaultConfigurationName = Release;
		};
		C14146BE223A871B00AEB632 /* Build configuration list for PBXNativeTarget "MM2" */ = {
			isa = XCConfigurationList;
			buildConfigurations = (
				C14146BF223A871B00AEB632 /* Debug */,
				C14146C0223A871B00AEB632 /* Release */,
			);
			defaultConfigurationIsVisible = 0;
			defaultConfigurationName = Release;
		};
/* End XCConfigurationList section */
	};
	rootObject = C14146A4223A871900AEB632 /* Project object */;
}
